// !$*UTF8*$!
{
	archiveVersion = 1;
	classes = {
	};
	objectVersion = 50;
	objects = {

/* Begin PBXBuildFile section */
		CD29C7C0253D0324002B40E9 /* AppDelegate.swift in Sources */ = {isa = PBXBuildFile; fileRef = CD29C7BF253D0324002B40E9 /* AppDelegate.swift */; };
		CD29C7C2253D0324002B40E9 /* GameScene.sks in Resources */ = {isa = PBXBuildFile; fileRef = CD29C7C1253D0324002B40E9 /* GameScene.sks */; };
		CD29C7C6253D0324002B40E9 /* GameScene.swift in Sources */ = {isa = PBXBuildFile; fileRef = CD29C7C5253D0324002B40E9 /* GameScene.swift */; };
		CD29C7C8253D0324002B40E9 /* GameViewController.swift in Sources */ = {isa = PBXBuildFile; fileRef = CD29C7C7253D0324002B40E9 /* GameViewController.swift */; };
		CD29C7CB253D0324002B40E9 /* Main.storyboard in Resources */ = {isa = PBXBuildFile; fileRef = CD29C7C9253D0324002B40E9 /* Main.storyboard */; };
		CD29C7CD253D0326002B40E9 /* Assets.xcassets in Resources */ = {isa = PBXBuildFile; fileRef = CD29C7CC253D0326002B40E9 /* Assets.xcassets */; };
		CD29C7D0253D0326002B40E9 /* LaunchScreen.storyboard in Resources */ = {isa = PBXBuildFile; fileRef = CD29C7CE253D0326002B40E9 /* LaunchScreen.storyboard */; };
		CD29C7DB253D0326002B40E9 /* MinesweeperTests.swift in Sources */ = {isa = PBXBuildFile; fileRef = CD29C7DA253D0326002B40E9 /* MinesweeperTests.swift */; };
		CDB7D586253DFAB200D87786 /* Board.swift in Sources */ = {isa = PBXBuildFile; fileRef = CDB7D585253DFAB200D87786 /* Board.swift */; };
		CDCBDA05253F66B3007DFE99 /* Gridgroup.swift in Sources */ = {isa = PBXBuildFile; fileRef = CDCBDA04253F66B3007DFE99 /* Gridgroup.swift */; };
/* End PBXBuildFile section */

/* Begin PBXContainerItemProxy section */
		CD29C7D7253D0326002B40E9 /* PBXContainerItemProxy */ = {
			isa = PBXContainerItemProxy;
			containerPortal = CD29C7B4253D0324002B40E9 /* Project object */;
			proxyType = 1;
			remoteGlobalIDString = CD29C7BB253D0324002B40E9;
			remoteInfo = Minesweeper;
		};
/* End PBXContainerItemProxy section */

/* Begin PBXFileReference section */
		CD29C7BC253D0324002B40E9 /* Minesweeper.app */ = {isa = PBXFileReference; explicitFileType = wrapper.application; includeInIndex = 0; path = Minesweeper.app; sourceTree = BUILT_PRODUCTS_DIR; };
		CD29C7BF253D0324002B40E9 /* AppDelegate.swift */ = {isa = PBXFileReference; lastKnownFileType = sourcecode.swift; path = AppDelegate.swift; sourceTree = "<group>"; };
		CD29C7C1253D0324002B40E9 /* GameScene.sks */ = {isa = PBXFileReference; lastKnownFileType = file.sks; path = GameScene.sks; sourceTree = "<group>"; };
		CD29C7C5253D0324002B40E9 /* GameScene.swift */ = {isa = PBXFileReference; lastKnownFileType = sourcecode.swift; path = GameScene.swift; sourceTree = "<group>"; };
		CD29C7C7253D0324002B40E9 /* GameViewController.swift */ = {isa = PBXFileReference; lastKnownFileType = sourcecode.swift; path = GameViewController.swift; sourceTree = "<group>"; };
		CD29C7CA253D0324002B40E9 /* Base */ = {isa = PBXFileReference; lastKnownFileType = file.storyboard; name = Base; path = Base.lproj/Main.storyboard; sourceTree = "<group>"; };
		CD29C7CC253D0326002B40E9 /* Assets.xcassets */ = {isa = PBXFileReference; lastKnownFileType = folder.assetcatalog; path = Assets.xcassets; sourceTree = "<group>"; };
		CD29C7CF253D0326002B40E9 /* Base */ = {isa = PBXFileReference; lastKnownFileType = file.storyboard; name = Base; path = Base.lproj/LaunchScreen.storyboard; sourceTree = "<group>"; };
		CD29C7D1253D0326002B40E9 /* Info.plist */ = {isa = PBXFileReference; lastKnownFileType = text.plist.xml; path = Info.plist; sourceTree = "<group>"; };
		CD29C7D6253D0326002B40E9 /* MinesweeperTests.xctest */ = {isa = PBXFileReference; explicitFileType = wrapper.cfbundle; includeInIndex = 0; path = MinesweeperTests.xctest; sourceTree = BUILT_PRODUCTS_DIR; };
		CD29C7DA253D0326002B40E9 /* MinesweeperTests.swift */ = {isa = PBXFileReference; lastKnownFileType = sourcecode.swift; path = MinesweeperTests.swift; sourceTree = "<group>"; };
		CD29C7DC253D0326002B40E9 /* Info.plist */ = {isa = PBXFileReference; lastKnownFileType = text.plist.xml; path = Info.plist; sourceTree = "<group>"; };
		CDB7D585253DFAB200D87786 /* Board.swift */ = {isa = PBXFileReference; lastKnownFileType = sourcecode.swift; path = Board.swift; sourceTree = "<group>"; };
		CDCBDA04253F66B3007DFE99 /* Gridgroup.swift */ = {isa = PBXFileReference; lastKnownFileType = sourcecode.swift; path = Gridgroup.swift; sourceTree = "<group>"; };
/* End PBXFileReference section */

/* Begin PBXFrameworksBuildPhase section */
		CD29C7B9253D0324002B40E9 /* Frameworks */ = {
			isa = PBXFrameworksBuildPhase;
			buildActionMask = 2147483647;
			files = (
			);
			runOnlyForDeploymentPostprocessing = 0;
		};
		CD29C7D3253D0326002B40E9 /* Frameworks */ = {
			isa = PBXFrameworksBuildPhase;
			buildActionMask = 2147483647;
			files = (
			);
			runOnlyForDeploymentPostprocessing = 0;
		};
/* End PBXFrameworksBuildPhase section */

/* Begin PBXGroup section */
		CD29C7B3253D0324002B40E9 = {
			isa = PBXGroup;
			children = (
				CD29C7BE253D0324002B40E9 /* Minesweeper */,
				CD29C7D9253D0326002B40E9 /* MinesweeperTests */,
				CD29C7BD253D0324002B40E9 /* Products */,
			);
			sourceTree = "<group>";
		};
		CD29C7BD253D0324002B40E9 /* Products */ = {
			isa = PBXGroup;
			children = (
				CD29C7BC253D0324002B40E9 /* Minesweeper.app */,
				CD29C7D6253D0326002B40E9 /* MinesweeperTests.xctest */,
			);
			name = Products;
			sourceTree = "<group>";
		};
		CD29C7BE253D0324002B40E9 /* Minesweeper */ = {
			isa = PBXGroup;
			children = (
				CDCBDA01253F62D3007DFE99 /* Util */,
				CDB7D584253DFAA600D87786 /* Model */,
				CD29C7BF253D0324002B40E9 /* AppDelegate.swift */,
				CD29C7C1253D0324002B40E9 /* GameScene.sks */,
				CD29C7C5253D0324002B40E9 /* GameScene.swift */,
				CD29C7C7253D0324002B40E9 /* GameViewController.swift */,
				CD29C7C9253D0324002B40E9 /* Main.storyboard */,
				CD29C7CC253D0326002B40E9 /* Assets.xcassets */,
				CD29C7CE253D0326002B40E9 /* LaunchScreen.storyboard */,
				CD29C7D1253D0326002B40E9 /* Info.plist */,
			);
			path = Minesweeper;
			sourceTree = "<group>";
		};
		CD29C7D9253D0326002B40E9 /* MinesweeperTests */ = {
			isa = PBXGroup;
			children = (
				CD29C7DA253D0326002B40E9 /* MinesweeperTests.swift */,
				CD29C7DC253D0326002B40E9 /* Info.plist */,
			);
			path = MinesweeperTests;
			sourceTree = "<group>";
		};
		CDB7D584253DFAA600D87786 /* Model */ = {
			isa = PBXGroup;
			children = (
				CDB7D585253DFAB200D87786 /* Board.swift */,
				CDCBDA04253F66B3007DFE99 /* Gridgroup.swift */,
			);
			path = Model;
			sourceTree = "<group>";
		};
		CDCBDA01253F62D3007DFE99 /* Util */ = {
			isa = PBXGroup;
			children = (
			);
			path = Util;
			sourceTree = "<group>";
		};
/* End PBXGroup section */

/* Begin PBXNativeTarget section */
		CD29C7BB253D0324002B40E9 /* Minesweeper */ = {
			isa = PBXNativeTarget;
			buildConfigurationList = CD29C7DF253D0326002B40E9 /* Build configuration list for PBXNativeTarget "Minesweeper" */;
			buildPhases = (
				CD29C7B8253D0324002B40E9 /* Sources */,
				CD29C7B9253D0324002B40E9 /* Frameworks */,
				CD29C7BA253D0324002B40E9 /* Resources */,
			);
			buildRules = (
			);
			dependencies = (
			);
			name = Minesweeper;
			productName = Minesweeper;
			productReference = CD29C7BC253D0324002B40E9 /* Minesweeper.app */;
			productType = "com.apple.product-type.application";
		};
		CD29C7D5253D0326002B40E9 /* MinesweeperTests */ = {
			isa = PBXNativeTarget;
			buildConfigurationList = CD29C7E2253D0326002B40E9 /* Build configuration list for PBXNativeTarget "MinesweeperTests" */;
			buildPhases = (
				CD29C7D2253D0326002B40E9 /* Sources */,
				CD29C7D3253D0326002B40E9 /* Frameworks */,
				CD29C7D4253D0326002B40E9 /* Resources */,
			);
			buildRules = (
			);
			dependencies = (
				CD29C7D8253D0326002B40E9 /* PBXTargetDependency */,
			);
			name = MinesweeperTests;
			productName = MinesweeperTests;
			productReference = CD29C7D6253D0326002B40E9 /* MinesweeperTests.xctest */;
			productType = "com.apple.product-type.bundle.unit-test";
		};
/* End PBXNativeTarget section */

/* Begin PBXProject section */
		CD29C7B4253D0324002B40E9 /* Project object */ = {
			isa = PBXProject;
			attributes = {
				LastSwiftUpdateCheck = 1130;
				LastUpgradeCheck = 1130;
				ORGANIZATIONNAME = Rex_han;
				TargetAttributes = {
					CD29C7BB253D0324002B40E9 = {
						CreatedOnToolsVersion = 11.3.1;
					};
					CD29C7D5253D0326002B40E9 = {
						CreatedOnToolsVersion = 11.3.1;
						TestTargetID = CD29C7BB253D0324002B40E9;
					};
				};
			};
			buildConfigurationList = CD29C7B7253D0324002B40E9 /* Build configuration list for PBXProject "Minesweeper" */;
			compatibilityVersion = "Xcode 9.3";
			developmentRegion = en;
			hasScannedForEncodings = 0;
			knownRegions = (
				en,
				Base,
			);
			mainGroup = CD29C7B3253D0324002B40E9;
			productRefGroup = CD29C7BD253D0324002B40E9 /* Products */;
			projectDirPath = "";
			projectRoot = "";
			targets = (
				CD29C7BB253D0324002B40E9 /* Minesweeper */,
				CD29C7D5253D0326002B40E9 /* MinesweeperTests */,
			);
		};
/* End PBXProject section */

/* Begin PBXResourcesBuildPhase section */
		CD29C7BA253D0324002B40E9 /* Resources */ = {
			isa = PBXResourcesBuildPhase;
			buildActionMask = 2147483647;
			files = (
				CD29C7CB253D0324002B40E9 /* Main.storyboard in Resources */,
				CD29C7C2253D0324002B40E9 /* GameScene.sks in Resources */,
				CD29C7CD253D0326002B40E9 /* Assets.xcassets in Resources */,
				CD29C7D0253D0326002B40E9 /* LaunchScreen.storyboard in Resources */,
			);
			runOnlyForDeploymentPostprocessing = 0;
		};
		CD29C7D4253D0326002B40E9 /* Resources */ = {
			isa = PBXResourcesBuildPhase;
			buildActionMask = 2147483647;
			files = (
			);
			runOnlyForDeploymentPostprocessing = 0;
		};
/* End PBXResourcesBuildPhase section */

/* Begin PBXSourcesBuildPhase section */
		CD29C7B8253D0324002B40E9 /* Sources */ = {
			isa = PBXSourcesBuildPhase;
			buildActionMask = 2147483647;
			files = (
				CD29C7C6253D0324002B40E9 /* GameScene.swift in Sources */,
				CD29C7C8253D0324002B40E9 /* GameViewController.swift in Sources */,
				CDCBDA05253F66B3007DFE99 /* Gridgroup.swift in Sources */,
				CDB7D586253DFAB200D87786 /* Board.swift in Sources */,
				CD29C7C0253D0324002B40E9 /* AppDelegate.swift in Sources */,
			);
			runOnlyForDeploymentPostprocessing = 0;
		};
		CD29C7D2253D0326002B40E9 /* Sources */ = {
			isa = PBXSourcesBuildPhase;
			buildActionMask = 2147483647;
			files = (
				CD29C7DB253D0326002B40E9 /* MinesweeperTests.swift in Sources */,
			);
			runOnlyForDeploymentPostprocessing = 0;
		};
/* End PBXSourcesBuildPhase section */

/* Begin PBXTargetDependency section */
		CD29C7D8253D0326002B40E9 /* PBXTargetDependency */ = {
			isa = PBXTargetDependency;
			target = CD29C7BB253D0324002B40E9 /* Minesweeper */;
			targetProxy = CD29C7D7253D0326002B40E9 /* PBXContainerItemProxy */;
		};
/* End PBXTargetDependency section */

/* Begin PBXVariantGroup section */
		CD29C7C9253D0324002B40E9 /* Main.storyboard */ = {
			isa = PBXVariantGroup;
			children = (
				CD29C7CA253D0324002B40E9 /* Base */,
			);
			name = Main.storyboard;
			sourceTree = "<group>";
		};
		CD29C7CE253D0326002B40E9 /* LaunchScreen.storyboard */ = {
			isa = PBXVariantGroup;
			children = (
				CD29C7CF253D0326002B40E9 /* Base */,
			);
			name = LaunchScreen.storyboard;
			sourceTree = "<group>";
		};
/* End PBXVariantGroup section */

/* Begin XCBuildConfiguration section */
		CD29C7DD253D0326002B40E9 /* Debug */ = {
			isa = XCBuildConfiguration;
			buildSettings = {
				ALWAYS_SEARCH_USER_PATHS = NO;
				CLANG_ANALYZER_NONNULL = YES;
				CLANG_ANALYZER_NUMBER_OBJECT_CONVERSION = YES_AGGRESSIVE;
				CLANG_CXX_LANGUAGE_STANDARD = "gnu++14";
				CLANG_CXX_LIBRARY = "libc++";
				CLANG_ENABLE_MODULES = YES;
				CLANG_ENABLE_OBJC_ARC = YES;
				CLANG_ENABLE_OBJC_WEAK = YES;
				CLANG_WARN_BLOCK_CAPTURE_AUTORELEASING = YES;
				CLANG_WARN_BOOL_CONVERSION = YES;
				CLANG_WARN_COMMA = YES;
				CLANG_WARN_CONSTANT_CONVERSION = YES;
				CLANG_WARN_DEPRECATED_OBJC_IMPLEMENTATIONS = YES;
				CLANG_WARN_DIRECT_OBJC_ISA_USAGE = YES_ERROR;
				CLANG_WARN_DOCUMENTATION_COMMENTS = YES;
				CLANG_WARN_EMPTY_BODY = YES;
				CLANG_WARN_ENUM_CONVERSION = YES;
				CLANG_WARN_INFINITE_RECURSION = YES;
				CLANG_WARN_INT_CONVERSION = YES;
				CLANG_WARN_NON_LITERAL_NULL_CONVERSION = YES;
				CLANG_WARN_OBJC_IMPLICIT_RETAIN_SELF = YES;
				CLANG_WARN_OBJC_LITERAL_CONVERSION = YES;
				CLANG_WARN_OBJC_ROOT_CLASS = YES_ERROR;
				CLANG_WARN_RANGE_LOOP_ANALYSIS = YES;
				CLANG_WARN_STRICT_PROTOTYPES = YES;
				CLANG_WARN_SUSPICIOUS_MOVE = YES;
				CLANG_WARN_UNGUARDED_AVAILABILITY = YES_AGGRESSIVE;
				CLANG_WARN_UNREACHABLE_CODE = YES;
				CLANG_WARN__DUPLICATE_METHOD_MATCH = YES;
				COPY_PHASE_STRIP = NO;
				DEBUG_INFORMATION_FORMAT = dwarf;
				ENABLE_STRICT_OBJC_MSGSEND = YES;
				ENABLE_TESTABILITY = YES;
				GCC_C_LANGUAGE_STANDARD = gnu11;
				GCC_DYNAMIC_NO_PIC = NO;
				GCC_NO_COMMON_BLOCKS = YES;
				GCC_OPTIMIZATION_LEVEL = 0;
				GCC_PREPROCESSOR_DEFINITIONS = (
					"DEBUG=1",
					"$(inherited)",
				);
				GCC_WARN_64_TO_32_BIT_CONVERSION = YES;
				GCC_WARN_ABOUT_RETURN_TYPE = YES_ERROR;
				GCC_WARN_UNDECLARED_SELECTOR = YES;
				GCC_WARN_UNINITIALIZED_AUTOS = YES_AGGRESSIVE;
				GCC_WARN_UNUSED_FUNCTION = YES;
				GCC_WARN_UNUSED_VARIABLE = YES;
				IPHONEOS_DEPLOYMENT_TARGET = 13.2;
				MTL_ENABLE_DEBUG_INFO = INCLUDE_SOURCE;
				MTL_FAST_MATH = YES;
				ONLY_ACTIVE_ARCH = YES;
				SDKROOT = iphoneos;
				SWIFT_ACTIVE_COMPILATION_CONDITIONS = DEBUG;
				SWIFT_OPTIMIZATION_LEVEL = "-Onone";
			};
			name = Debug;
		};
		CD29C7DE253D0326002B40E9 /* Release */ = {
			isa = XCBuildConfiguration;
			buildSettings = {
				ALWAYS_SEARCH_USER_PATHS = NO;
				CLANG_ANALYZER_NONNULL = YES;
				CLANG_ANALYZER_NUMBER_OBJECT_CONVERSION = YES_AGGRESSIVE;
				CLANG_CXX_LANGUAGE_STANDARD = "gnu++14";
				CLANG_CXX_LIBRARY = "libc++";
				CLANG_ENABLE_MODULES = YES;
				CLANG_ENABLE_OBJC_ARC = YES;
				CLANG_ENABLE_OBJC_WEAK = YES;
				CLANG_WARN_BLOCK_CAPTURE_AUTORELEASING = YES;
				CLANG_WARN_BOOL_CONVERSION = YES;
				CLANG_WARN_COMMA = YES;
				CLANG_WARN_CONSTANT_CONVERSION = YES;
				CLANG_WARN_DEPRECATED_OBJC_IMPLEMENTATIONS = YES;
				CLANG_WARN_DIRECT_OBJC_ISA_USAGE = YES_ERROR;
				CLANG_WARN_DOCUMENTATION_COMMENTS = YES;
				CLANG_WARN_EMPTY_BODY = YES;
				CLANG_WARN_ENUM_CONVERSION = YES;
				CLANG_WARN_INFINITE_RECURSION = YES;
				CLANG_WARN_INT_CONVERSION = YES;
				CLANG_WARN_NON_LITERAL_NULL_CONVERSION = YES;
				CLANG_WARN_OBJC_IMPLICIT_RETAIN_SELF = YES;
				CLANG_WARN_OBJC_LITERAL_CONVERSION = YES;
				CLANG_WARN_OBJC_ROOT_CLASS = YES_ERROR;
				CLANG_WARN_RANGE_LOOP_ANALYSIS = YES;
				CLANG_WARN_STRICT_PROTOTYPES = YES;
				CLANG_WARN_SUSPICIOUS_MOVE = YES;
				CLANG_WARN_UNGUARDED_AVAILABILITY = YES_AGGRESSIVE;
				CLANG_WARN_UNREACHABLE_CODE = YES;
				CLANG_WARN__DUPLICATE_METHOD_MATCH = YES;
				COPY_PHASE_STRIP = NO;
				DEBUG_INFORMATION_FORMAT = "dwarf-with-dsym";
				ENABLE_NS_ASSERTIONS = NO;
				ENABLE_STRICT_OBJC_MSGSEND = YES;
				GCC_C_LANGUAGE_STANDARD = gnu11;
				GCC_NO_COMMON_BLOCKS = YES;
				GCC_WARN_64_TO_32_BIT_CONVERSION = YES;
				GCC_WARN_ABOUT_RETURN_TYPE = YES_ERROR;
				GCC_WARN_UNDECLARED_SELECTOR = YES;
				GCC_WARN_UNINITIALIZED_AUTOS = YES_AGGRESSIVE;
				GCC_WARN_UNUSED_FUNCTION = YES;
				GCC_WARN_UNUSED_VARIABLE = YES;
				IPHONEOS_DEPLOYMENT_TARGET = 13.2;
				MTL_ENABLE_DEBUG_INFO = NO;
				MTL_FAST_MATH = YES;
				SDKROOT = iphoneos;
				SWIFT_COMPILATION_MODE = wholemodule;
				SWIFT_OPTIMIZATION_LEVEL = "-O";
				VALIDATE_PRODUCT = YES;
			};
			name = Release;
		};
		CD29C7E0253D0326002B40E9 /* Debug */ = {
			isa = XCBuildConfiguration;
			buildSettings = {
				ASSETCATALOG_COMPILER_APPICON_NAME = AppIcon;
				CODE_SIGN_STYLE = Automatic;
				DEVELOPMENT_TEAM = 8388UL5VA7;
				INFOPLIST_FILE = Minesweeper/Info.plist;
				LD_RUNPATH_SEARCH_PATHS = (
					"$(inherited)",
					"@executable_path/Frameworks",
				);
				PRODUCT_BUNDLE_IDENTIFIER = com.rexhanh.Minesweeper;
				PRODUCT_NAME = "$(TARGET_NAME)";
				SWIFT_VERSION = 5.0;
				TARGETED_DEVICE_FAMILY = "1,2";
			};
			name = Debug;
		};
		CD29C7E1253D0326002B40E9 /* Release */ = {
			isa = XCBuildConfiguration;
			buildSettings = {
				ASSETCATALOG_COMPILER_APPICON_NAME = AppIcon;
				CODE_SIGN_STYLE = Automatic;
				DEVELOPMENT_TEAM = 8388UL5VA7;
				INFOPLIST_FILE = Minesweeper/Info.plist;
				LD_RUNPATH_SEARCH_PATHS = (
					"$(inherited)",
					"@executable_path/Frameworks",
				);
				PRODUCT_BUNDLE_IDENTIFIER = com.rexhanh.Minesweeper;
				PRODUCT_NAME = "$(TARGET_NAME)";
				SWIFT_VERSION = 5.0;
				TARGETED_DEVICE_FAMILY = "1,2";
			};
			name = Release;
		};
		CD29C7E3253D0326002B40E9 /* Debug */ = {
			isa = XCBuildConfiguration;
			buildSettings = {
				ALWAYS_EMBED_SWIFT_STANDARD_LIBRARIES = YES;
				BUNDLE_LOADER = "$(TEST_HOST)";
				CODE_SIGN_STYLE = Automatic;
				DEVELOPMENT_TEAM = 8388UL5VA7;
				INFOPLIST_FILE = MinesweeperTests/Info.plist;
				IPHONEOS_DEPLOYMENT_TARGET = 13.2;
				LD_RUNPATH_SEARCH_PATHS = (
					"$(inherited)",
					"@executable_path/Frameworks",
					"@loader_path/Frameworks",
				);
				PRODUCT_BUNDLE_IDENTIFIER = com.rexhanh.MinesweeperTests;
				PRODUCT_NAME = "$(TARGET_NAME)";
				SWIFT_VERSION = 5.0;
				TARGETED_DEVICE_FAMILY = "1,2";
				TEST_HOST = "$(BUILT_PRODUCTS_DIR)/Minesweeper.app/Minesweeper";
			};
			name = Debug;
		};
		CD29C7E4253D0326002B40E9 /* Release */ = {
			isa = XCBuildConfiguration;
			buildSettings = {
				ALWAYS_EMBED_SWIFT_STANDARD_LIBRARIES = YES;
				BUNDLE_LOADER = "$(TEST_HOST)";
				CODE_SIGN_STYLE = Automatic;
				DEVELOPMENT_TEAM = 8388UL5VA7;
				INFOPLIST_FILE = MinesweeperTests/Info.plist;
				IPHONEOS_DEPLOYMENT_TARGET = 13.2;
				LD_RUNPATH_SEARCH_PATHS = (
					"$(inherited)",
					"@executable_path/Frameworks",
					"@loader_path/Frameworks",
				);
				PRODUCT_BUNDLE_IDENTIFIER = com.rexhanh.MinesweeperTests;
				PRODUCT_NAME = "$(TARGET_NAME)";
				SWIFT_VERSION = 5.0;
				TARGETED_DEVICE_FAMILY = "1,2";
				TEST_HOST = "$(BUILT_PRODUCTS_DIR)/Minesweeper.app/Minesweeper";
			};
			name = Release;
		};
/* End XCBuildConfiguration section */

/* Begin XCConfigurationList section */
		CD29C7B7253D0324002B40E9 /* Build configuration list for PBXProject "Minesweeper" */ = {
			isa = XCConfigurationList;
			buildConfigurations = (
				CD29C7DD253D0326002B40E9 /* Debug */,
				CD29C7DE253D0326002B40E9 /* Release */,
			);
			defaultConfigurationIsVisible = 0;
			defaultConfigurationName = Release;
		};
		CD29C7DF253D0326002B40E9 /* Build configuration list for PBXNativeTarget "Minesweeper" */ = {
			isa = XCConfigurationList;
			buildConfigurations = (
				CD29C7E0253D0326002B40E9 /* Debug */,
				CD29C7E1253D0326002B40E9 /* Release */,
			);
			defaultConfigurationIsVisible = 0;
			defaultConfigurationName = Release;
		};
		CD29C7E2253D0326002B40E9 /* Build configuration list for PBXNativeTarget "MinesweeperTests" */ = {
			isa = XCConfigurationList;
			buildConfigurations = (
				CD29C7E3253D0326002B40E9 /* Debug */,
				CD29C7E4253D0326002B40E9 /* Release */,
			);
			defaultConfigurationIsVisible = 0;
			defaultConfigurationName = Release;
		};
/* End XCConfigurationList section */
	};
	rootObject = CD29C7B4253D0324002B40E9 /* Project object */;
}
